{
    "name": "shopping-app",
    "version": "1.0.0",
    "lockfileVersion": 2,
    "requires": true,
    "packages": {
      "": {
        "name": "shopping-app",
        "version": "1.0.0",
        "license": "ISC",
        "dependencies": {
          "@picocss/pico": "^1.5.3"
        }
      },
      "node_modules/@picocss/pico": {
        "version": "1.5.3",
        "resolved": "https://registry.npmjs.org/@picocss/pico/-/pico-1.5.3.tgz",
        "integrity": "sha512-ZdZOxjlmj0BkpGpYo/ODgAcFpqIgpAACqEmIgpFtxHkam06ITfUfcj9+mPcd+Ti8Dh0KCSvHpmSnJA3+tOStlQ=="
      }
    },
    "dependencies": {
      "@picocss/pico": {
        "version": "1.5.3",
        "resolved": "https://registry.npmjs.org/@picocss/pico/-/pico-1.5.3.tgz",
        "integrity": "sha512-ZdZOxjlmj0BkpGpYo/ODgAcFpqIgpAACqEmIgpFtxHkam06ITfUfcj9+mPcd+Ti8Dh0KCSvHpmSnJA3+tOStlQ=="
      }
    }
  }